
Microsoft Visual Studio Solution File, Format Version 12.00
# Visual Studio Version 17
VisualStudioVersion = 17.11.35327.3
MinimumVisualStudioVersion = 10.0.40219.1
Project("{FAE04EC0-301F-11D3-BF4B-00C04F79EFBC}") = "Proyecto.Entidades", "Proyecto.Entidades\Proyecto.Entidades.csproj", "{3360C008-415C-483E-AEE1-27FB098A6798}"
EndProject
Project("{FAE04EC0-301F-11D3-BF4B-00C04F79EFBC}") = "Proyecto.Datos", "Proyecto.Datos\Proyecto.Datos.csproj", "{E34FABD9-B147-418C-9086-6972E33B0822}"
EndProject
Project("{FAE04EC0-301F-11D3-BF4B-00C04F79EFBC}") = "Proyecto.Negocio", "Proyecto.Negocio\Proyecto.Negocio.csproj", "{2E1ADF92-0B0F-4CBB-9590-2E1C3C96EA1D}"
EndProject
Project("{FAE04EC0-301F-11D3-BF4B-00C04F79EFBC}") = "Proyecto.Presentacion", "Proyecto.Presentacion\Proyecto.Presentacion.csproj", "{E1671D79-DBA2-4855-9530-586C1EE32F28}"
EndProject
Global
	GlobalSection(SolutionConfigurationPlatforms) = preSolution
		Debug|Any CPU = Debug|Any CPU
		Release|Any CPU = Release|Any CPU
	EndGlobalSection
	GlobalSection(ProjectConfigurationPlatforms) = postSolution
		{3360C008-415C-483E-AEE1-27FB098A6798}.Debug|Any CPU.ActiveCfg = Debug|Any CPU
		{3360C008-415C-483E-AEE1-27FB098A6798}.Debug|Any CPU.Build.0 = Debug|Any CPU
		{3360C008-415C-483E-AEE1-27FB098A6798}.Release|Any CPU.ActiveCfg = Release|Any CPU
		{3360C008-415C-483E-AEE1-27FB098A6798}.Release|Any CPU.Build.0 = Release|Any CPU
		{E34FABD9-B147-418C-9086-6972E33B0822}.Debug|Any CPU.ActiveCfg = Debug|Any CPU
		{E34FABD9-B147-418C-9086-6972E33B0822}.Debug|Any CPU.Build.0 = Debug|Any CPU
		{E34FABD9-B147-418C-9086-6972E33B0822}.Release|Any CPU.ActiveCfg = Release|Any CPU
		{E34FABD9-B147-418C-9086-6972E33B0822}.Release|Any CPU.Build.0 = Release|Any CPU
		{2E1ADF92-0B0F-4CBB-9590-2E1C3C96EA1D}.Debug|Any CPU.ActiveCfg = Debug|Any CPU
		{2E1ADF92-0B0F-4CBB-9590-2E1C3C96EA1D}.Debug|Any CPU.Build.0 = Debug|Any CPU
		{2E1ADF92-0B0F-4CBB-9590-2E1C3C96EA1D}.Release|Any CPU.ActiveCfg = Release|Any CPU
		{2E1ADF92-0B0F-4CBB-9590-2E1C3C96EA1D}.Release|Any CPU.Build.0 = Release|Any CPU
		{E1671D79-DBA2-4855-9530-586C1EE32F28}.Debug|Any CPU.ActiveCfg = Debug|Any CPU
		{E1671D79-DBA2-4855-9530-586C1EE32F28}.Debug|Any CPU.Build.0 = Debug|Any CPU
		{E1671D79-DBA2-4855-9530-586C1EE32F28}.Release|Any CPU.ActiveCfg = Release|Any CPU
		{E1671D79-DBA2-4855-9530-586C1EE32F28}.Release|Any CPU.Build.0 = Release|Any CPU
	EndGlobalSection
	GlobalSection(SolutionProperties) = preSolution
		HideSolutionNode = FALSE
	EndGlobalSection
	GlobalSection(ExtensibilityGlobals) = postSolution
		SolutionGuid = {5BBD6A48-CA04-4AAD-AF5F-1DB0994EC99F}
	EndGlobalSection
EndGlobal
